{
  "name": "cosmo",
  "version": "0.0.0",
  "lockfileVersion": 2,
  "requires": true,
  "packages": {
    "": {
      "name": "cosmo",
      "version": "0.0.0",
      "dependencies": {
        "@tauri-apps/api": "^1.1.0",
        "mathjs": "^11.3.2",
        "next": "^12.2.5",
        "react": "^18.2.0",
        "react-dom": "^18.2.0",
        "react-uuid": "^2.0.0"
      },
      "devDependencies": {
        "@tauri-apps/cli": "^1.1.0",
        "@types/node": "^18.7.11",
        "@types/react": "^18.0.17",
        "@types/react-dom": "^18.0.6",
        "typescript": "^4.7.4"
      }
    },
    "node_modules/@babel/runtime": {
      "version": "7.20.1",
      "resolved": "https://registry.npmjs.org/@babel/runtime/-/runtime-7.20.1.tgz",
      "integrity": "sha512-mrzLkl6U9YLF8qpqI7TB82PESyEGjm/0Ly91jG575eVxMMlb8fYfOXFZIJ8XfLrJZQbm7dlKry2bJmXBUEkdFg==",
      "dependencies": {
        "regenerator-runtime": "^0.13.10"
      },
      "engines": {
        "node": ">=6.9.0"
      }
    },
    "node_modules/@next/env": {
      "version": "12.3.2",
      "resolved": "https://registry.npmjs.org/@next/env/-/env-12.3.2.tgz",
      "integrity": "sha512-upwtMaHxlv/udAWGq0kE+rg8huwmcxQPsKZFhS1R5iVO323mvxEBe1YrSXe1awLbg9sTIuEHbgxjLLt7JbeuAQ=="
    },
    "node_modules/@next/swc-android-arm-eabi": {
      "version": "12.3.2",
      "resolved": "https://registry.npmjs.org/@next/swc-android-arm-eabi/-/swc-android-arm-eabi-12.3.2.tgz",
      "integrity": "sha512-r2rrz+DZ8YYGqzVrbRrpP6GKzwozpOrnFbErc4k36vUTSFMag9yQahZfaBe06JYdqu/e5yhm/saIDEaSVPRP4g==",
      "cpu": [
        "arm"
      ],
      "optional": true,
      "os": [
        "android"
      ],
      "engines": {
        "node": ">= 10"
      }
    },
    "node_modules/@next/swc-android-arm64": {
      "version": "12.3.2",
      "resolved": "https://registry.npmjs.org/@next/swc-android-arm64/-/swc-android-arm64-12.3.2.tgz",
      "integrity": "sha512-B+TINJhCf+CrY1+b3/JWQlkecv53rAGa/gA7gi5B1cnBa/2Uvoe+Ue0JeCefTjfiyl1ScsyNx+NcESY8Ye2Ngg==",
      "cpu": [
        "arm64"
      ],
      "optional": true,
      "os": [
        "android"
      ],
      "engines": {
        "node": ">= 10"
      }
    },
    "node_modules/@next/swc-darwin-arm64": {
      "version": "12.3.2",
      "resolved": "https://registry.npmjs.org/@next/swc-darwin-arm64/-/swc-darwin-arm64-12.3.2.tgz",
      "integrity": "sha512-PTUfe1ZrwjsiuTmr3bOM9lsoy5DCmfYsLOUF9ZVhtbi5MNJVmUTy4VZ06GfrvnCO5hGCr48z3vpFE9QZ0qLcPw==",
      "cpu": [
        "arm64"
      ],
      "optional": true,
      "os": [
        "darwin"
      ],
      "engines": {
        "node": ">= 10"
      }
    },
    "node_modules/@next/swc-darwin-x64": {
      "version": "12.3.2",
      "resolved": "https://registry.npmjs.org/@next/swc-darwin-x64/-/swc-darwin-x64-12.3.2.tgz",
      "integrity": "sha512-1HkjmS9awwlaeEY8Y01nRSNkSv3y+qnC/mjMPe/W66hEh3QKa/LQHqHeS7NOdEs19B2mhZ7w+EgMRXdLQ0Su8w==",
      "cpu": [
        "x64"
      ],
      "optional": true,
      "os": [
        "darwin"
      ],
      "engines": {
        "node": ">= 10"
      }
    },
    "node_modules/@next/swc-freebsd-x64": {
      "version": "12.3.2",
      "resolved": "https://registry.npmjs.org/@next/swc-freebsd-x64/-/swc-freebsd-x64-12.3.2.tgz",
      "integrity": "sha512-h5Mx0BKDCJ5Vu/U8e07esF6PjPv1EJgmRbYWTUZMAflu13MQpCJkKEJir7+BeRfTXRfgFf+llc7uocrpd7mcrg==",
      "cpu": [
        "x64"
      ],
      "optional": true,
      "os": [
        "freebsd"
      ],
      "engines": {
        "node": ">= 10"
      }
    },
    "node_modules/@next/swc-linux-arm-gnueabihf": {
      "version": "12.3.2",
      "resolved": "https://registry.npmjs.org/@next/swc-linux-arm-gnueabihf/-/swc-linux-arm-gnueabihf-12.3.2.tgz",
      "integrity": "sha512-EuRZAamoxfe/WoWRaC0zsCAoE4gs/mEhilcloNM4J5Mnb3PLY8PZV394W7t5tjBjItMCF7l2Ebwjwtm46tq2RA==",
      "cpu": [
        "arm"
      ],
      "optional": true,
      "os": [
        "linux"
      ],
      "engines": {
        "node": ">= 10"
      }
    },
    "node_modules/@next/swc-linux-arm64-gnu": {
      "version": "12.3.2",
      "resolved": "https://registry.npmjs.org/@next/swc-linux-arm64-gnu/-/swc-linux-arm64-gnu-12.3.2.tgz",
      "integrity": "sha512-T9GCFyOIb4S3acA9LqflUYD+QZ94iZketHCqKdoO0Nx0OCHIgGJV5rotDe8TDXwh/goYpIfyHU4j1qqw4w4VnA==",
      "cpu": [
        "arm64"
      ],
      "optional": true,
      "os": [
        "linux"
      ],
      "engines": {
        "node": ">= 10"
      }
    },
    "node_modules/@next/swc-linux-arm64-musl": {
      "version": "12.3.2",
      "resolved": "https://registry.npmjs.org/@next/swc-linux-arm64-musl/-/swc-linux-arm64-musl-12.3.2.tgz",
      "integrity": "sha512-hxNVZS6L3c2z3l9EH2GP0MGQ9exu6O8cohYNZyqC9WUl6C03sEn8xzDH1y+NgD3fVurvYkGU5F0PDddJJLfDIw==",
      "cpu": [
        "arm64"
      ],
      "optional": true,
      "os": [
        "linux"
      ],
      "engines": {
        "node": ">= 10"
      }
    },
    "node_modules/@next/swc-linux-x64-gnu": {
      "version": "12.3.2",
      "resolved": "https://registry.npmjs.org/@next/swc-linux-x64-gnu/-/swc-linux-x64-gnu-12.3.2.tgz",
      "integrity": "sha512-fCPkLuwDwY8/QeXxciJJjDHG09liZym/Bhb4A+RLFQ877wUkwFsNWDUTSdUx0YXlYK/1gf67BKauqKkOKp6CYw==",
      "cpu": [
        "x64"
      ],
      "optional": true,
      "os": [
        "linux"
      ],
      "engines": {
        "node": ">= 10"
      }
    },
    "node_modules/@next/swc-linux-x64-musl": {
      "version": "12.3.2",
      "resolved": "https://registry.npmjs.org/@next/swc-linux-x64-musl/-/swc-linux-x64-musl-12.3.2.tgz",
      "integrity": "sha512-o+GifBIQ2K+/MEFxHsxUZoU3bsuVFLXZYWd3idimFHiVdDCVYiKsY6mYMmKDlucX+9xRyOCkKL9Tjf+3tuXJpw==",
      "cpu": [
        "x64"
      ],
      "optional": true,
      "os": [
        "linux"
      ],
      "engines": {
        "node": ">= 10"
      }
    },
    "node_modules/@next/swc-win32-arm64-msvc": {
      "version": "12.3.2",
      "resolved": "https://registry.npmjs.org/@next/swc-win32-arm64-msvc/-/swc-win32-arm64-msvc-12.3.2.tgz",
      "integrity": "sha512-crii66irzGGMSUR0L8r9+A06eTv7FTXqw4rgzJ33M79EwQJOdpY7RVKXLQMurUhniEeQEEOfamiEdPIi/qxisw==",
      "cpu": [
        "arm64"
      ],
      "optional": true,
      "os": [
        "win32"
      ],
      "engines": {
        "node": ">= 10"
      }
    },
    "node_modules/@next/swc-win32-ia32-msvc": {
      "version": "12.3.2",
      "resolved": "https://registry.npmjs.org/@next/swc-win32-ia32-msvc/-/swc-win32-ia32-msvc-12.3.2.tgz",
      "integrity": "sha512-5hRUSvn3MdQ4nVRu1rmKxq5YJzpTtZfaC/NyGw6wa4NSF1noUn/pdQGUr+I5Qz3CZkd1gZzzC0eaXQHlrk0E2g==",
      "cpu": [
        "ia32"
      ],
      "optional": true,
      "os": [
        "win32"
      ],
      "engines": {
        "node": ">= 10"
      }
    },
    "node_modules/@next/swc-win32-x64-msvc": {
      "version": "12.3.2",
      "resolved": "https://registry.npmjs.org/@next/swc-win32-x64-msvc/-/swc-win32-x64-msvc-12.3.2.tgz",
      "integrity": "sha512-tpQJYUH+TzPMIsdVl9fH8uDg47iwiNjKY+8e9da3dXqlkztKzjSw0OwSADoqh3KrifplXeKSta+BBGLdBqg3sg==",
      "cpu": [
        "x64"
      ],
      "optional": true,
      "os": [
        "win32"
      ],
      "engines": {
        "node": ">= 10"
      }
    },
    "node_modules/@swc/helpers": {
      "version": "0.4.11",
      "resolved": "https://registry.npmjs.org/@swc/helpers/-/helpers-0.4.11.tgz",
      "integrity": "sha512-rEUrBSGIoSFuYxwBYtlUFMlE2CwGhmW+w9355/5oduSw8e5h2+Tj4UrAGNNgP9915++wj5vkQo0UuOBqOAq4nw==",
      "dependencies": {
        "tslib": "^2.4.0"
      }
    },
    "node_modules/@tauri-apps/api": {
      "version": "1.1.0",
      "resolved": "https://registry.npmjs.org/@tauri-apps/api/-/api-1.1.0.tgz",
      "integrity": "sha512-n13pIqdPd3KtaMmmAcrU7BTfdMtIlGNnfZD0dNX8L4p8dgmuNyikm6JAA+yCpl9gqq6I8x5cV2Y0muqdgD0cWw==",
      "engines": {
        "node": ">= 12.22.0",
        "npm": ">= 6.6.0",
        "yarn": ">= 1.19.1"
      },
      "funding": {
        "type": "opencollective",
        "url": "https://opencollective.com/tauri"
      }
    },
    "node_modules/@tauri-apps/cli": {
      "version": "1.1.1",
      "resolved": "https://registry.npmjs.org/@tauri-apps/cli/-/cli-1.1.1.tgz",
      "integrity": "sha512-80kjMEMPBwLYCp0tTKSquy90PHHGGBvZsneNr3B/mWxNsvjzA1C0vOyGJGFrJuT2OmkvrdvuJZ5mch5hL8O1Xg==",
      "dev": true,
      "bin": {
        "tauri": "tauri.js"
      },
      "engines": {
        "node": ">= 10"
      },
      "funding": {
        "type": "opencollective",
        "url": "https://opencollective.com/tauri"
      },
      "optionalDependencies": {
        "@tauri-apps/cli-darwin-arm64": "1.1.1",
        "@tauri-apps/cli-darwin-x64": "1.1.1",
        "@tauri-apps/cli-linux-arm-gnueabihf": "1.1.1",
        "@tauri-apps/cli-linux-arm64-gnu": "1.1.1",
        "@tauri-apps/cli-linux-arm64-musl": "1.1.1",
        "@tauri-apps/cli-linux-x64-gnu": "1.1.1",
        "@tauri-apps/cli-linux-x64-musl": "1.1.1",
        "@tauri-apps/cli-win32-ia32-msvc": "1.1.1",
        "@tauri-apps/cli-win32-x64-msvc": "1.1.1"
      }
    },
    "node_modules/@tauri-apps/cli-darwin-arm64": {
      "version": "1.1.1",
      "resolved": "https://registry.npmjs.org/@tauri-apps/cli-darwin-arm64/-/cli-darwin-arm64-1.1.1.tgz",
      "integrity": "sha512-qBG11ig525/qf0f5OQxn0ON3hT8YdpTfpa4Y4kVqBJhdW50R5fadPv6tv5Dpl2TS2X7nWh/zg5mEXYoCK3HZ9w==",
      "cpu": [
        "arm64"
      ],
      "dev": true,
      "optional": true,
      "os": [
        "darwin"
      ],
      "engines": {
        "node": ">= 10"
      }
    },
    "node_modules/@tauri-apps/cli-darwin-x64": {
      "version": "1.1.1",
      "resolved": "https://registry.npmjs.org/@tauri-apps/cli-darwin-x64/-/cli-darwin-x64-1.1.1.tgz",
      "integrity": "sha512-M3dMsp78OdxisbTwAWGvy3jIb3uqThtQcUYVvqOu9LeEOHyldOBFDSht+6PTBpaJLAHFMQK2rmNxiWgigklJaA==",
      "cpu": [
        "x64"
      ],
      "dev": true,
      "optional": true,
      "os": [
        "darwin"
      ],
      "engines": {
        "node": ">= 10"
      }
    },
    "node_modules/@tauri-apps/cli-linux-arm-gnueabihf": {
      "version": "1.1.1",
      "resolved": "https://registry.npmjs.org/@tauri-apps/cli-linux-arm-gnueabihf/-/cli-linux-arm-gnueabihf-1.1.1.tgz",
      "integrity": "sha512-LYlvdAd73cq+yTi6rw7j/DWIvDpeApwgQkIn+HYsNNeFhyFmABU7tmw+pekK3W3nHAkYAJ69Rl4ZdoxdNGKmHg==",
      "cpu": [
        "arm"
      ],
      "dev": true,
      "optional": true,
      "os": [
        "linux"
      ],
      "engines": {
        "node": ">= 10"
      }
    },
    "node_modules/@tauri-apps/cli-linux-arm64-gnu": {
      "version": "1.1.1",
      "resolved": "https://registry.npmjs.org/@tauri-apps/cli-linux-arm64-gnu/-/cli-linux-arm64-gnu-1.1.1.tgz",
      "integrity": "sha512-o/hbMQIKuFI7cTNpeQBHD/OCNJOBIci78faKms/t6AstLXx0QJuRHDk477Rg6VVy/I3BBKbyATALbmcTq+ti0A==",
      "cpu": [
        "arm64"
      ],
      "dev": true,
      "optional": true,
      "os": [
        "linux"
      ],
      "engines": {
        "node": ">= 10"
      }
    },
    "node_modules/@tauri-apps/cli-linux-arm64-musl": {
      "version": "1.1.1",
      "resolved": "https://registry.npmjs.org/@tauri-apps/cli-linux-arm64-musl/-/cli-linux-arm64-musl-1.1.1.tgz",
      "integrity": "sha512-8Ci4qlDnXIp93XqUrtzFCBDatUzPHpZq7L3bociUbWpvy/bnlzxp1C/C+vwdc4uS1MiAp9v3BFgrU4i0f0Z3QQ==",
      "cpu": [
        "arm64"
      ],
      "dev": true,
      "optional": true,
      "os": [
        "linux"
      ],
      "engines": {
        "node": ">= 10"
      }
    },
    "node_modules/@tauri-apps/cli-linux-x64-gnu": {
      "version": "1.1.1",
      "resolved": "https://registry.npmjs.org/@tauri-apps/cli-linux-x64-gnu/-/cli-linux-x64-gnu-1.1.1.tgz",
      "integrity": "sha512-ES4Bkx2JAI8+dDNDJswhLS3yqt+yT/4C6UfGOPIHFxcXUh6fe36eUllrTt+HLRS9xTZbYnteJy7ebq2TqMkaxw==",
      "cpu": [
        "x64"
      ],
      "dev": true,
      "optional": true,
      "os": [
        "linux"
      ],
      "engines": {
        "node": ">= 10"
      }
    },
    "node_modules/@tauri-apps/cli-linux-x64-musl": {
      "version": "1.1.1",
      "resolved": "https://registry.npmjs.org/@tauri-apps/cli-linux-x64-musl/-/cli-linux-x64-musl-1.1.1.tgz",
      "integrity": "sha512-qrN1WOMAaDl+LE8P8iO0+DYlrWNTc9jIu/CsnVY/LImTn79ZPxEkcVBo0UGeKRI7f10TfvkVmLCBLxTz8QhEyA==",
      "cpu": [
        "x64"
      ],
      "dev": true,
      "optional": true,
      "os": [
        "linux"
      ],
      "engines": {
        "node": ">= 10"
      }
    },
    "node_modules/@tauri-apps/cli-win32-ia32-msvc": {
      "version": "1.1.1",
      "resolved": "https://registry.npmjs.org/@tauri-apps/cli-win32-ia32-msvc/-/cli-win32-ia32-msvc-1.1.1.tgz",
      "integrity": "sha512-vw7VOmrQlywHhFV3pf54udf2FRNj9dg9WP1gL0My55FnB+w+PWS9Ipm871kX5qepmChdnZHKq9fsqE2uTjX//Q==",
      "cpu": [
        "ia32"
      ],
      "dev": true,
      "optional": true,
      "os": [
        "win32"
      ],
      "engines": {
        "node": ">= 10"
      }
    },
    "node_modules/@tauri-apps/cli-win32-x64-msvc": {
      "version": "1.1.1",
      "resolved": "https://registry.npmjs.org/@tauri-apps/cli-win32-x64-msvc/-/cli-win32-x64-msvc-1.1.1.tgz",
      "integrity": "sha512-OukxlLLi3AoCN4ABnqCDTiiC7xJGWukAjrKCIx7wFISrLjNfsrnH7/UOzuopfGpZChSe2c+AamVmcpBfVsEmJA==",
      "cpu": [
        "x64"
      ],
      "dev": true,
      "optional": true,
      "os": [
        "win32"
      ],
      "engines": {
        "node": ">= 10"
      }
    },
    "node_modules/@types/node": {
      "version": "18.11.9",
      "resolved": "https://registry.npmjs.org/@types/node/-/node-18.11.9.tgz",
      "integrity": "sha512-CRpX21/kGdzjOpFsZSkcrXMGIBWMGNIHXXBVFSH+ggkftxg+XYP20TESbh+zFvFj3EQOl5byk0HTRn1IL6hbqg==",
      "dev": true
    },
    "node_modules/@types/prop-types": {
      "version": "15.7.5",
      "resolved": "https://registry.npmjs.org/@types/prop-types/-/prop-types-15.7.5.tgz",
      "integrity": "sha512-JCB8C6SnDoQf0cNycqd/35A7MjcnK+ZTqE7judS6o7utxUCg6imJg3QK2qzHKszlTjcj2cn+NwMB2i96ubpj7w==",
      "dev": true
    },
    "node_modules/@types/react": {
      "version": "18.0.24",
      "resolved": "https://registry.npmjs.org/@types/react/-/react-18.0.24.tgz",
      "integrity": "sha512-wRJWT6ouziGUy+9uX0aW4YOJxAY0bG6/AOk5AW5QSvZqI7dk6VBIbXvcVgIw/W5Jrl24f77df98GEKTJGOLx7Q==",
      "dev": true,
      "dependencies": {
        "@types/prop-types": "*",
        "@types/scheduler": "*",
        "csstype": "^3.0.2"
      }
    },
    "node_modules/@types/react-dom": {
      "version": "18.0.8",
      "resolved": "https://registry.npmjs.org/@types/react-dom/-/react-dom-18.0.8.tgz",
      "integrity": "sha512-C3GYO0HLaOkk9dDAz3Dl4sbe4AKUGTCfFIZsz3n/82dPNN8Du533HzKatDxeUYWu24wJgMP1xICqkWk1YOLOIw==",
      "dev": true,
      "dependencies": {
        "@types/react": "*"
      }
    },
    "node_modules/@types/scheduler": {
      "version": "0.16.2",
      "resolved": "https://registry.npmjs.org/@types/scheduler/-/scheduler-0.16.2.tgz",
      "integrity": "sha512-hppQEBDmlwhFAXKJX2KnWLYu5yMfi91yazPb2l+lbJiwW+wdo1gNeRA+3RgNSO39WYX2euey41KEwnqesU2Jew==",
      "dev": true
    },
    "node_modules/caniuse-lite": {
      "version": "1.0.30001429",
      "resolved": "https://registry.npmjs.org/caniuse-lite/-/caniuse-lite-1.0.30001429.tgz",
      "integrity": "sha512-511ThLu1hF+5RRRt0zYCf2U2yRr9GPF6m5y90SBCWsvSoYoW7yAGlv/elyPaNfvGCkp6kj/KFZWU0BMA69Prsg==",
      "funding": [
        {
          "type": "opencollective",
          "url": "https://opencollective.com/browserslist"
        },
        {
          "type": "tidelift",
          "url": "https://tidelift.com/funding/github/npm/caniuse-lite"
        }
      ]
    },
    "node_modules/complex.js": {
      "version": "2.1.1",
      "resolved": "https://registry.npmjs.org/complex.js/-/complex.js-2.1.1.tgz",
      "integrity": "sha512-8njCHOTtFFLtegk6zQo0kkVX1rngygb/KQI6z1qZxlFI3scluC+LVTCFbrkWjBv4vvLlbQ9t88IPMC6k95VTTg==",
      "engines": {
        "node": "*"
      },
      "funding": {
        "type": "patreon",
        "url": "https://www.patreon.com/infusion"
      }
    },
    "node_modules/csstype": {
      "version": "3.1.1",
      "resolved": "https://registry.npmjs.org/csstype/-/csstype-3.1.1.tgz",
      "integrity": "sha512-DJR/VvkAvSZW9bTouZue2sSxDwdTN92uHjqeKVm+0dAqdfNykRzQ95tay8aXMBAAPpUiq4Qcug2L7neoRh2Egw==",
      "dev": true
    },
    "node_modules/decimal.js": {
      "version": "10.4.2",
      "resolved": "https://registry.npmjs.org/decimal.js/-/decimal.js-10.4.2.tgz",
      "integrity": "sha512-ic1yEvwT6GuvaYwBLLY6/aFFgjZdySKTE8en/fkU3QICTmRtgtSlFn0u0BXN06InZwtfCelR7j8LRiDI/02iGA=="
    },
    "node_modules/escape-latex": {
      "version": "1.2.0",
      "resolved": "https://registry.npmjs.org/escape-latex/-/escape-latex-1.2.0.tgz",
      "integrity": "sha512-nV5aVWW1K0wEiUIEdZ4erkGGH8mDxGyxSeqPzRNtWP7ataw+/olFObw7hujFWlVjNsaDFw5VZ5NzVSIqRgfTiw=="
    },
    "node_modules/fraction.js": {
      "version": "4.2.0",
      "resolved": "https://registry.npmjs.org/fraction.js/-/fraction.js-4.2.0.tgz",
      "integrity": "sha512-MhLuK+2gUcnZe8ZHlaaINnQLl0xRIGRfcGk2yl8xoQAfHrSsL3rYu6FCmBdkdbhc9EPlwyGHewaRsvwRMJtAlA==",
      "engines": {
        "node": "*"
      },
      "funding": {
        "type": "patreon",
        "url": "https://www.patreon.com/infusion"
      }
    },
    "node_modules/javascript-natural-sort": {
      "version": "0.7.1",
      "resolved": "https://registry.npmjs.org/javascript-natural-sort/-/javascript-natural-sort-0.7.1.tgz",
      "integrity": "sha512-nO6jcEfZWQXDhOiBtG2KvKyEptz7RVbpGP4vTD2hLBdmNQSsCiicO2Ioinv6UI4y9ukqnBpy+XZ9H6uLNgJTlw=="
    },
    "node_modules/js-tokens": {
      "version": "4.0.0",
      "resolved": "https://registry.npmjs.org/js-tokens/-/js-tokens-4.0.0.tgz",
      "integrity": "sha512-RdJUflcE3cUzKiMqQgsCu06FPu9UdIJO0beYbPhHN4k6apgJtifcoCtT9bcxOpYBtpD2kCM6Sbzg4CausW/PKQ=="
    },
    "node_modules/loose-envify": {
      "version": "1.4.0",
      "resolved": "https://registry.npmjs.org/loose-envify/-/loose-envify-1.4.0.tgz",
      "integrity": "sha512-lyuxPGr/Wfhrlem2CL/UcnUc1zcqKAImBDzukY7Y5F/yQiNdko6+fRLevlw1HgMySw7f611UIY408EtxRSoK3Q==",
      "dependencies": {
        "js-tokens": "^3.0.0 || ^4.0.0"
      },
      "bin": {
        "loose-envify": "cli.js"
      }
    },
    "node_modules/mathjs": {
      "version": "11.3.2",
      "resolved": "https://registry.npmjs.org/mathjs/-/mathjs-11.3.2.tgz",
      "integrity": "sha512-p3QRDt16OrS7R/7Y29qHldua9YkiyPQLenjsqcPuE+feo3q5iO77G8QXeBxfDHhQUqH+5IGlJIZozl7hpaPUvg==",
      "dependencies": {
        "@babel/runtime": "^7.19.4",
        "complex.js": "^2.1.1",
        "decimal.js": "^10.4.2",
        "escape-latex": "^1.2.0",
        "fraction.js": "^4.2.0",
        "javascript-natural-sort": "^0.7.1",
        "seedrandom": "^3.0.5",
        "tiny-emitter": "^2.1.0",
        "typed-function": "^4.1.0"
      },
      "bin": {
        "mathjs": "bin/cli.js"
      },
      "engines": {
        "node": ">= 14"
      }
    },
    "node_modules/nanoid": {
      "version": "3.3.4",
      "resolved": "https://registry.npmjs.org/nanoid/-/nanoid-3.3.4.tgz",
      "integrity": "sha512-MqBkQh/OHTS2egovRtLk45wEyNXwF+cokD+1YPf9u5VfJiRdAiRwB2froX5Co9Rh20xs4siNPm8naNotSD6RBw==",
      "bin": {
        "nanoid": "bin/nanoid.cjs"
      },
      "engines": {
        "node": "^10 || ^12 || ^13.7 || ^14 || >=15.0.1"
      }
    },
    "node_modules/next": {
      "version": "12.3.2",
      "resolved": "https://registry.npmjs.org/next/-/next-12.3.2.tgz",
      "integrity": "sha512-orzvvebCwOqaz1eA5ZA0R5dbKxqtJyw7yeig7kDspu6p8OrplfyelzpvMHcDTKscv/l0nn/0l0v3mSsE8w4k7A==",
      "dependencies": {
        "@next/env": "12.3.2",
        "@swc/helpers": "0.4.11",
        "caniuse-lite": "^1.0.30001406",
        "postcss": "8.4.14",
        "styled-jsx": "5.0.7",
        "use-sync-external-store": "1.2.0"
      },
      "bin": {
        "next": "dist/bin/next"
      },
      "engines": {
        "node": ">=12.22.0"
      },
      "optionalDependencies": {
        "@next/swc-android-arm-eabi": "12.3.2",
        "@next/swc-android-arm64": "12.3.2",
        "@next/swc-darwin-arm64": "12.3.2",
        "@next/swc-darwin-x64": "12.3.2",
        "@next/swc-freebsd-x64": "12.3.2",
        "@next/swc-linux-arm-gnueabihf": "12.3.2",
        "@next/swc-linux-arm64-gnu": "12.3.2",
        "@next/swc-linux-arm64-musl": "12.3.2",
        "@next/swc-linux-x64-gnu": "12.3.2",
        "@next/swc-linux-x64-musl": "12.3.2",
        "@next/swc-win32-arm64-msvc": "12.3.2",
        "@next/swc-win32-ia32-msvc": "12.3.2",
        "@next/swc-win32-x64-msvc": "12.3.2"
      },
      "peerDependencies": {
        "fibers": ">= 3.1.0",
        "node-sass": "^6.0.0 || ^7.0.0",
        "react": "^17.0.2 || ^18.0.0-0",
        "react-dom": "^17.0.2 || ^18.0.0-0",
        "sass": "^1.3.0"
      },
      "peerDependenciesMeta": {
        "fibers": {
          "optional": true
        },
        "node-sass": {
          "optional": true
        },
        "sass": {
          "optional": true
        }
      }
    },
    "node_modules/picocolors": {
      "version": "1.0.0",
      "resolved": "https://registry.npmjs.org/picocolors/-/picocolors-1.0.0.tgz",
      "integrity": "sha512-1fygroTLlHu66zi26VoTDv8yRgm0Fccecssto+MhsZ0D/DGW2sm8E8AjW7NU5VVTRt5GxbeZ5qBuJr+HyLYkjQ=="
    },
    "node_modules/postcss": {
      "version": "8.4.14",
      "resolved": "https://registry.npmjs.org/postcss/-/postcss-8.4.14.tgz",
      "integrity": "sha512-E398TUmfAYFPBSdzgeieK2Y1+1cpdxJx8yXbK/m57nRhKSmk1GB2tO4lbLBtlkfPQTDKfe4Xqv1ASWPpayPEig==",
      "funding": [
        {
          "type": "opencollective",
          "url": "https://opencollective.com/postcss/"
        },
        {
          "type": "tidelift",
          "url": "https://tidelift.com/funding/github/npm/postcss"
        }
      ],
      "dependencies": {
        "nanoid": "^3.3.4",
        "picocolors": "^1.0.0",
        "source-map-js": "^1.0.2"
      },
      "engines": {
        "node": "^10 || ^12 || >=14"
      }
    },
    "node_modules/react": {
      "version": "18.2.0",
      "resolved": "https://registry.npmjs.org/react/-/react-18.2.0.tgz",
      "integrity": "sha512-/3IjMdb2L9QbBdWiW5e3P2/npwMBaU9mHCSCUzNln0ZCYbcfTsGbTJrU/kGemdH2IWmB2ioZ+zkxtmq6g09fGQ==",
      "dependencies": {
        "loose-envify": "^1.1.0"
      },
      "engines": {
        "node": ">=0.10.0"
      }
    },
    "node_modules/react-dom": {
      "version": "18.2.0",
      "resolved": "https://registry.npmjs.org/react-dom/-/react-dom-18.2.0.tgz",
      "integrity": "sha512-6IMTriUmvsjHUjNtEDudZfuDQUoWXVxKHhlEGSk81n4YFS+r/Kl99wXiwlVXtPBtJenozv2P+hxDsw9eA7Xo6g==",
      "dependencies": {
        "loose-envify": "^1.1.0",
        "scheduler": "^0.23.0"
      },
      "peerDependencies": {
        "react": "^18.2.0"
      }
    },
    "node_modules/react-uuid": {
      "version": "2.0.0",
      "resolved": "https://registry.npmjs.org/react-uuid/-/react-uuid-2.0.0.tgz",
      "integrity": "sha512-FNUH/8WR/FEtx0Bu6gmt1eONfc413hhvrEXFWUSFGvznUhI4dYoVZA09p7JHoTpnM4WC2D/bG2YSxGKXF4oVLg=="
    },
    "node_modules/regenerator-runtime": {
      "version": "0.13.10",
      "resolved": "https://registry.npmjs.org/regenerator-runtime/-/regenerator-runtime-0.13.10.tgz",
      "integrity": "sha512-KepLsg4dU12hryUO7bp/axHAKvwGOCV0sGloQtpagJ12ai+ojVDqkeGSiRX1zlq+kjIMZ1t7gpze+26QqtdGqw=="
    },
    "node_modules/scheduler": {
      "version": "0.23.0",
      "resolved": "https://registry.npmjs.org/scheduler/-/scheduler-0.23.0.tgz",
      "integrity": "sha512-CtuThmgHNg7zIZWAXi3AsyIzA3n4xx7aNyjwC2VJldO2LMVDhFK+63xGqq6CsJH4rTAt6/M+N4GhZiDYPx9eUw==",
      "dependencies": {
        "loose-envify": "^1.1.0"
      }
    },
    "node_modules/seedrandom": {
      "version": "3.0.5",
      "resolved": "https://registry.npmjs.org/seedrandom/-/seedrandom-3.0.5.tgz",
      "integrity": "sha512-8OwmbklUNzwezjGInmZ+2clQmExQPvomqjL7LFqOYqtmuxRgQYqOD3mHaU+MvZn5FLUeVxVfQjwLZW/n/JFuqg=="
    },
    "node_modules/source-map-js": {
      "version": "1.0.2",
      "resolved": "https://registry.npmjs.org/source-map-js/-/source-map-js-1.0.2.tgz",
      "integrity": "sha512-R0XvVJ9WusLiqTCEiGCmICCMplcCkIwwR11mOSD9CR5u+IXYdiseeEuXCVAjS54zqwkLcPNnmU4OeJ6tUrWhDw==",
      "engines": {
        "node": ">=0.10.0"
      }
    },
    "node_modules/styled-jsx": {
      "version": "5.0.7",
      "resolved": "https://registry.npmjs.org/styled-jsx/-/styled-jsx-5.0.7.tgz",
      "integrity": "sha512-b3sUzamS086YLRuvnaDigdAewz1/EFYlHpYBP5mZovKEdQQOIIYq8lApylub3HHZ6xFjV051kkGU7cudJmrXEA==",
      "engines": {
        "node": ">= 12.0.0"
      },
      "peerDependencies": {
        "react": ">= 16.8.0 || 17.x.x || ^18.0.0-0"
      },
      "peerDependenciesMeta": {
        "@babel/core": {
          "optional": true
        },
        "babel-plugin-macros": {
          "optional": true
        }
      }
    },
    "node_modules/tiny-emitter": {
      "version": "2.1.0",
      "resolved": "https://registry.npmjs.org/tiny-emitter/-/tiny-emitter-2.1.0.tgz",
      "integrity": "sha512-NB6Dk1A9xgQPMoGqC5CVXn123gWyte215ONT5Pp5a0yt4nlEoO1ZWeCwpncaekPHXO60i47ihFnZPiRPjRMq4Q=="
    },
    "node_modules/tslib": {
      "version": "2.4.1",
      "resolved": "https://registry.npmjs.org/tslib/-/tslib-2.4.1.tgz",
      "integrity": "sha512-tGyy4dAjRIEwI7BzsB0lynWgOpfqjUdq91XXAlIWD2OwKBH7oCl/GZG/HT4BOHrTlPMOASlMQ7veyTqpmRcrNA=="
    },
    "node_modules/typed-function": {
      "version": "4.1.0",
      "resolved": "https://registry.npmjs.org/typed-function/-/typed-function-4.1.0.tgz",
      "integrity": "sha512-DGwUl6cioBW5gw2L+6SMupGwH/kZOqivy17E4nsh1JI9fKF87orMmlQx3KISQPmg3sfnOUGlwVkroosvgddrlg==",
      "engines": {
        "node": ">= 14"
      }
    },
    "node_modules/typescript": {
      "version": "4.8.4",
      "resolved": "https://registry.npmjs.org/typescript/-/typescript-4.8.4.tgz",
      "integrity": "sha512-QCh+85mCy+h0IGff8r5XWzOVSbBO+KfeYrMQh7NJ58QujwcE22u+NUSmUxqF+un70P9GXKxa2HCNiTTMJknyjQ==",
      "dev": true,
      "bin": {
        "tsc": "bin/tsc",
        "tsserver": "bin/tsserver"
      },
      "engines": {
        "node": ">=4.2.0"
      }
    },
    "node_modules/use-sync-external-store": {
      "version": "1.2.0",
      "resolved": "https://registry.npmjs.org/use-sync-external-store/-/use-sync-external-store-1.2.0.tgz",
      "integrity": "sha512-eEgnFxGQ1Ife9bzYs6VLi8/4X6CObHMw9Qr9tPY43iKwsPw8xE8+EFsf/2cFZ5S3esXgpWgtSCtLNS41F+sKPA==",
      "peerDependencies": {
        "react": "^16.8.0 || ^17.0.0 || ^18.0.0"
      }
    }
  },
  "dependencies": {
    "@babel/runtime": {
      "version": "7.20.1",
      "resolved": "https://registry.npmjs.org/@babel/runtime/-/runtime-7.20.1.tgz",
      "integrity": "sha512-mrzLkl6U9YLF8qpqI7TB82PESyEGjm/0Ly91jG575eVxMMlb8fYfOXFZIJ8XfLrJZQbm7dlKry2bJmXBUEkdFg==",
      "requires": {
        "regenerator-runtime": "^0.13.10"
      }
    },
    "@next/env": {
      "version": "12.3.2",
      "resolved": "https://registry.npmjs.org/@next/env/-/env-12.3.2.tgz",
      "integrity": "sha512-upwtMaHxlv/udAWGq0kE+rg8huwmcxQPsKZFhS1R5iVO323mvxEBe1YrSXe1awLbg9sTIuEHbgxjLLt7JbeuAQ=="
    },
    "@next/swc-android-arm-eabi": {
      "version": "12.3.2",
      "resolved": "https://registry.npmjs.org/@next/swc-android-arm-eabi/-/swc-android-arm-eabi-12.3.2.tgz",
      "integrity": "sha512-r2rrz+DZ8YYGqzVrbRrpP6GKzwozpOrnFbErc4k36vUTSFMag9yQahZfaBe06JYdqu/e5yhm/saIDEaSVPRP4g==",
      "optional": true
    },
    "@next/swc-android-arm64": {
      "version": "12.3.2",
      "resolved": "https://registry.npmjs.org/@next/swc-android-arm64/-/swc-android-arm64-12.3.2.tgz",
      "integrity": "sha512-B+TINJhCf+CrY1+b3/JWQlkecv53rAGa/gA7gi5B1cnBa/2Uvoe+Ue0JeCefTjfiyl1ScsyNx+NcESY8Ye2Ngg==",
      "optional": true
    },
    "@next/swc-darwin-arm64": {
      "version": "12.3.2",
      "resolved": "https://registry.npmjs.org/@next/swc-darwin-arm64/-/swc-darwin-arm64-12.3.2.tgz",
      "integrity": "sha512-PTUfe1ZrwjsiuTmr3bOM9lsoy5DCmfYsLOUF9ZVhtbi5MNJVmUTy4VZ06GfrvnCO5hGCr48z3vpFE9QZ0qLcPw==",
      "optional": true
    },
    "@next/swc-darwin-x64": {
      "version": "12.3.2",
      "resolved": "https://registry.npmjs.org/@next/swc-darwin-x64/-/swc-darwin-x64-12.3.2.tgz",
      "integrity": "sha512-1HkjmS9awwlaeEY8Y01nRSNkSv3y+qnC/mjMPe/W66hEh3QKa/LQHqHeS7NOdEs19B2mhZ7w+EgMRXdLQ0Su8w==",
      "optional": true
    },
    "@next/swc-freebsd-x64": {
      "version": "12.3.2",
      "resolved": "https://registry.npmjs.org/@next/swc-freebsd-x64/-/swc-freebsd-x64-12.3.2.tgz",
      "integrity": "sha512-h5Mx0BKDCJ5Vu/U8e07esF6PjPv1EJgmRbYWTUZMAflu13MQpCJkKEJir7+BeRfTXRfgFf+llc7uocrpd7mcrg==",
      "optional": true
    },
    "@next/swc-linux-arm-gnueabihf": {
      "version": "12.3.2",
      "resolved": "https://registry.npmjs.org/@next/swc-linux-arm-gnueabihf/-/swc-linux-arm-gnueabihf-12.3.2.tgz",
      "integrity": "sha512-EuRZAamoxfe/WoWRaC0zsCAoE4gs/mEhilcloNM4J5Mnb3PLY8PZV394W7t5tjBjItMCF7l2Ebwjwtm46tq2RA==",
      "optional": true
    },
    "@next/swc-linux-arm64-gnu": {
      "version": "12.3.2",
      "resolved": "https://registry.npmjs.org/@next/swc-linux-arm64-gnu/-/swc-linux-arm64-gnu-12.3.2.tgz",
      "integrity": "sha512-T9GCFyOIb4S3acA9LqflUYD+QZ94iZketHCqKdoO0Nx0OCHIgGJV5rotDe8TDXwh/goYpIfyHU4j1qqw4w4VnA==",
      "optional": true
    },
    "@next/swc-linux-arm64-musl": {
      "version": "12.3.2",
      "resolved": "https://registry.npmjs.org/@next/swc-linux-arm64-musl/-/swc-linux-arm64-musl-12.3.2.tgz",
      "integrity": "sha512-hxNVZS6L3c2z3l9EH2GP0MGQ9exu6O8cohYNZyqC9WUl6C03sEn8xzDH1y+NgD3fVurvYkGU5F0PDddJJLfDIw==",
      "optional": true
    },
    "@next/swc-linux-x64-gnu": {
      "version": "12.3.2",
      "resolved": "https://registry.npmjs.org/@next/swc-linux-x64-gnu/-/swc-linux-x64-gnu-12.3.2.tgz",
      "integrity": "sha512-fCPkLuwDwY8/QeXxciJJjDHG09liZym/Bhb4A+RLFQ877wUkwFsNWDUTSdUx0YXlYK/1gf67BKauqKkOKp6CYw==",
      "optional": true
    },
    "@next/swc-linux-x64-musl": {
      "version": "12.3.2",
      "resolved": "https://registry.npmjs.org/@next/swc-linux-x64-musl/-/swc-linux-x64-musl-12.3.2.tgz",
      "integrity": "sha512-o+GifBIQ2K+/MEFxHsxUZoU3bsuVFLXZYWd3idimFHiVdDCVYiKsY6mYMmKDlucX+9xRyOCkKL9Tjf+3tuXJpw==",
      "optional": true
    },
    "@next/swc-win32-arm64-msvc": {
      "version": "12.3.2",
      "resolved": "https://registry.npmjs.org/@next/swc-win32-arm64-msvc/-/swc-win32-arm64-msvc-12.3.2.tgz",
      "integrity": "sha512-crii66irzGGMSUR0L8r9+A06eTv7FTXqw4rgzJ33M79EwQJOdpY7RVKXLQMurUhniEeQEEOfamiEdPIi/qxisw==",
      "optional": true
    },
    "@next/swc-win32-ia32-msvc": {
      "version": "12.3.2",
      "resolved": "https://registry.npmjs.org/@next/swc-win32-ia32-msvc/-/swc-win32-ia32-msvc-12.3.2.tgz",
      "integrity": "sha512-5hRUSvn3MdQ4nVRu1rmKxq5YJzpTtZfaC/NyGw6wa4NSF1noUn/pdQGUr+I5Qz3CZkd1gZzzC0eaXQHlrk0E2g==",
      "optional": true
    },
    "@next/swc-win32-x64-msvc": {
      "version": "12.3.2",
      "resolved": "https://registry.npmjs.org/@next/swc-win32-x64-msvc/-/swc-win32-x64-msvc-12.3.2.tgz",
      "integrity": "sha512-tpQJYUH+TzPMIsdVl9fH8uDg47iwiNjKY+8e9da3dXqlkztKzjSw0OwSADoqh3KrifplXeKSta+BBGLdBqg3sg==",
      "optional": true
    },
    "@swc/helpers": {
      "version": "0.4.11",
      "resolved": "https://registry.npmjs.org/@swc/helpers/-/helpers-0.4.11.tgz",
      "integrity": "sha512-rEUrBSGIoSFuYxwBYtlUFMlE2CwGhmW+w9355/5oduSw8e5h2+Tj4UrAGNNgP9915++wj5vkQo0UuOBqOAq4nw==",
      "requires": {
        "tslib": "^2.4.0"
      }
    },
    "@tauri-apps/api": {
      "version": "1.1.0",
      "resolved": "https://registry.npmjs.org/@tauri-apps/api/-/api-1.1.0.tgz",
      "integrity": "sha512-n13pIqdPd3KtaMmmAcrU7BTfdMtIlGNnfZD0dNX8L4p8dgmuNyikm6JAA+yCpl9gqq6I8x5cV2Y0muqdgD0cWw=="
    },
    "@tauri-apps/cli": {
      "version": "1.1.1",
      "resolved": "https://registry.npmjs.org/@tauri-apps/cli/-/cli-1.1.1.tgz",
      "integrity": "sha512-80kjMEMPBwLYCp0tTKSquy90PHHGGBvZsneNr3B/mWxNsvjzA1C0vOyGJGFrJuT2OmkvrdvuJZ5mch5hL8O1Xg==",
      "dev": true,
      "requires": {
        "@tauri-apps/cli-darwin-arm64": "1.1.1",
        "@tauri-apps/cli-darwin-x64": "1.1.1",
        "@tauri-apps/cli-linux-arm-gnueabihf": "1.1.1",
        "@tauri-apps/cli-linux-arm64-gnu": "1.1.1",
        "@tauri-apps/cli-linux-arm64-musl": "1.1.1",
        "@tauri-apps/cli-linux-x64-gnu": "1.1.1",
        "@tauri-apps/cli-linux-x64-musl": "1.1.1",
        "@tauri-apps/cli-win32-ia32-msvc": "1.1.1",
        "@tauri-apps/cli-win32-x64-msvc": "1.1.1"
      }
    },
    "@tauri-apps/cli-darwin-arm64": {
      "version": "1.1.1",
      "resolved": "https://registry.npmjs.org/@tauri-apps/cli-darwin-arm64/-/cli-darwin-arm64-1.1.1.tgz",
      "integrity": "sha512-qBG11ig525/qf0f5OQxn0ON3hT8YdpTfpa4Y4kVqBJhdW50R5fadPv6tv5Dpl2TS2X7nWh/zg5mEXYoCK3HZ9w==",
      "dev": true,
      "optional": true
    },
    "@tauri-apps/cli-darwin-x64": {
      "version": "1.1.1",
      "resolved": "https://registry.npmjs.org/@tauri-apps/cli-darwin-x64/-/cli-darwin-x64-1.1.1.tgz",
      "integrity": "sha512-M3dMsp78OdxisbTwAWGvy3jIb3uqThtQcUYVvqOu9LeEOHyldOBFDSht+6PTBpaJLAHFMQK2rmNxiWgigklJaA==",
      "dev": true,
      "optional": true
    },
    "@tauri-apps/cli-linux-arm-gnueabihf": {
      "version": "1.1.1",
      "resolved": "https://registry.npmjs.org/@tauri-apps/cli-linux-arm-gnueabihf/-/cli-linux-arm-gnueabihf-1.1.1.tgz",
      "integrity": "sha512-LYlvdAd73cq+yTi6rw7j/DWIvDpeApwgQkIn+HYsNNeFhyFmABU7tmw+pekK3W3nHAkYAJ69Rl4ZdoxdNGKmHg==",
      "dev": true,
      "optional": true
    },
    "@tauri-apps/cli-linux-arm64-gnu": {
      "version": "1.1.1",
      "resolved": "https://registry.npmjs.org/@tauri-apps/cli-linux-arm64-gnu/-/cli-linux-arm64-gnu-1.1.1.tgz",
      "integrity": "sha512-o/hbMQIKuFI7cTNpeQBHD/OCNJOBIci78faKms/t6AstLXx0QJuRHDk477Rg6VVy/I3BBKbyATALbmcTq+ti0A==",
      "dev": true,
      "optional": true
    },
    "@tauri-apps/cli-linux-arm64-musl": {
      "version": "1.1.1",
      "resolved": "https://registry.npmjs.org/@tauri-apps/cli-linux-arm64-musl/-/cli-linux-arm64-musl-1.1.1.tgz",
      "integrity": "sha512-8Ci4qlDnXIp93XqUrtzFCBDatUzPHpZq7L3bociUbWpvy/bnlzxp1C/C+vwdc4uS1MiAp9v3BFgrU4i0f0Z3QQ==",
      "dev": true,
      "optional": true
    },
    "@tauri-apps/cli-linux-x64-gnu": {
      "version": "1.1.1",
      "resolved": "https://registry.npmjs.org/@tauri-apps/cli-linux-x64-gnu/-/cli-linux-x64-gnu-1.1.1.tgz",
      "integrity": "sha512-ES4Bkx2JAI8+dDNDJswhLS3yqt+yT/4C6UfGOPIHFxcXUh6fe36eUllrTt+HLRS9xTZbYnteJy7ebq2TqMkaxw==",
      "dev": true,
      "optional": true
    },
    "@tauri-apps/cli-linux-x64-musl": {
      "version": "1.1.1",
      "resolved": "https://registry.npmjs.org/@tauri-apps/cli-linux-x64-musl/-/cli-linux-x64-musl-1.1.1.tgz",
      "integrity": "sha512-qrN1WOMAaDl+LE8P8iO0+DYlrWNTc9jIu/CsnVY/LImTn79ZPxEkcVBo0UGeKRI7f10TfvkVmLCBLxTz8QhEyA==",
      "dev": true,
      "optional": true
    },
    "@tauri-apps/cli-win32-ia32-msvc": {
      "version": "1.1.1",
      "resolved": "https://registry.npmjs.org/@tauri-apps/cli-win32-ia32-msvc/-/cli-win32-ia32-msvc-1.1.1.tgz",
      "integrity": "sha512-vw7VOmrQlywHhFV3pf54udf2FRNj9dg9WP1gL0My55FnB+w+PWS9Ipm871kX5qepmChdnZHKq9fsqE2uTjX//Q==",
      "dev": true,
      "optional": true
    },
    "@tauri-apps/cli-win32-x64-msvc": {
      "version": "1.1.1",
      "resolved": "https://registry.npmjs.org/@tauri-apps/cli-win32-x64-msvc/-/cli-win32-x64-msvc-1.1.1.tgz",
      "integrity": "sha512-OukxlLLi3AoCN4ABnqCDTiiC7xJGWukAjrKCIx7wFISrLjNfsrnH7/UOzuopfGpZChSe2c+AamVmcpBfVsEmJA==",
      "dev": true,
      "optional": true
    },
    "@types/node": {
      "version": "18.11.9",
      "resolved": "https://registry.npmjs.org/@types/node/-/node-18.11.9.tgz",
      "integrity": "sha512-CRpX21/kGdzjOpFsZSkcrXMGIBWMGNIHXXBVFSH+ggkftxg+XYP20TESbh+zFvFj3EQOl5byk0HTRn1IL6hbqg==",
      "dev": true
    },
    "@types/prop-types": {
      "version": "15.7.5",
      "resolved": "https://registry.npmjs.org/@types/prop-types/-/prop-types-15.7.5.tgz",
      "integrity": "sha512-JCB8C6SnDoQf0cNycqd/35A7MjcnK+ZTqE7judS6o7utxUCg6imJg3QK2qzHKszlTjcj2cn+NwMB2i96ubpj7w==",
      "dev": true
    },
    "@types/react": {
      "version": "18.0.24",
      "resolved": "https://registry.npmjs.org/@types/react/-/react-18.0.24.tgz",
      "integrity": "sha512-wRJWT6ouziGUy+9uX0aW4YOJxAY0bG6/AOk5AW5QSvZqI7dk6VBIbXvcVgIw/W5Jrl24f77df98GEKTJGOLx7Q==",
      "dev": true,
      "requires": {
        "@types/prop-types": "*",
        "@types/scheduler": "*",
        "csstype": "^3.0.2"
      }
    },
    "@types/react-dom": {
      "version": "18.0.8",
      "resolved": "https://registry.npmjs.org/@types/react-dom/-/react-dom-18.0.8.tgz",
      "integrity": "sha512-C3GYO0HLaOkk9dDAz3Dl4sbe4AKUGTCfFIZsz3n/82dPNN8Du533HzKatDxeUYWu24wJgMP1xICqkWk1YOLOIw==",
      "dev": true,
      "requires": {
        "@types/react": "*"
      }
    },
    "@types/scheduler": {
      "version": "0.16.2",
      "resolved": "https://registry.npmjs.org/@types/scheduler/-/scheduler-0.16.2.tgz",
      "integrity": "sha512-hppQEBDmlwhFAXKJX2KnWLYu5yMfi91yazPb2l+lbJiwW+wdo1gNeRA+3RgNSO39WYX2euey41KEwnqesU2Jew==",
      "dev": true
    },
    "caniuse-lite": {
      "version": "1.0.30001429",
      "resolved": "https://registry.npmjs.org/caniuse-lite/-/caniuse-lite-1.0.30001429.tgz",
      "integrity": "sha512-511ThLu1hF+5RRRt0zYCf2U2yRr9GPF6m5y90SBCWsvSoYoW7yAGlv/elyPaNfvGCkp6kj/KFZWU0BMA69Prsg=="
    },
    "complex.js": {
      "version": "2.1.1",
      "resolved": "https://registry.npmjs.org/complex.js/-/complex.js-2.1.1.tgz",
      "integrity": "sha512-8njCHOTtFFLtegk6zQo0kkVX1rngygb/KQI6z1qZxlFI3scluC+LVTCFbrkWjBv4vvLlbQ9t88IPMC6k95VTTg=="
    },
    "csstype": {
      "version": "3.1.1",
      "resolved": "https://registry.npmjs.org/csstype/-/csstype-3.1.1.tgz",
      "integrity": "sha512-DJR/VvkAvSZW9bTouZue2sSxDwdTN92uHjqeKVm+0dAqdfNykRzQ95tay8aXMBAAPpUiq4Qcug2L7neoRh2Egw==",
      "dev": true
    },
    "decimal.js": {
      "version": "10.4.2",
      "resolved": "https://registry.npmjs.org/decimal.js/-/decimal.js-10.4.2.tgz",
      "integrity": "sha512-ic1yEvwT6GuvaYwBLLY6/aFFgjZdySKTE8en/fkU3QICTmRtgtSlFn0u0BXN06InZwtfCelR7j8LRiDI/02iGA=="
    },
    "escape-latex": {
      "version": "1.2.0",
      "resolved": "https://registry.npmjs.org/escape-latex/-/escape-latex-1.2.0.tgz",
      "integrity": "sha512-nV5aVWW1K0wEiUIEdZ4erkGGH8mDxGyxSeqPzRNtWP7ataw+/olFObw7hujFWlVjNsaDFw5VZ5NzVSIqRgfTiw=="
    },
    "fraction.js": {
      "version": "4.2.0",
      "resolved": "https://registry.npmjs.org/fraction.js/-/fraction.js-4.2.0.tgz",
      "integrity": "sha512-MhLuK+2gUcnZe8ZHlaaINnQLl0xRIGRfcGk2yl8xoQAfHrSsL3rYu6FCmBdkdbhc9EPlwyGHewaRsvwRMJtAlA=="
    },
    "javascript-natural-sort": {
      "version": "0.7.1",
      "resolved": "https://registry.npmjs.org/javascript-natural-sort/-/javascript-natural-sort-0.7.1.tgz",
      "integrity": "sha512-nO6jcEfZWQXDhOiBtG2KvKyEptz7RVbpGP4vTD2hLBdmNQSsCiicO2Ioinv6UI4y9ukqnBpy+XZ9H6uLNgJTlw=="
    },
    "js-tokens": {
      "version": "4.0.0",
      "resolved": "https://registry.npmjs.org/js-tokens/-/js-tokens-4.0.0.tgz",
      "integrity": "sha512-RdJUflcE3cUzKiMqQgsCu06FPu9UdIJO0beYbPhHN4k6apgJtifcoCtT9bcxOpYBtpD2kCM6Sbzg4CausW/PKQ=="
    },
    "loose-envify": {
      "version": "1.4.0",
      "resolved": "https://registry.npmjs.org/loose-envify/-/loose-envify-1.4.0.tgz",
      "integrity": "sha512-lyuxPGr/Wfhrlem2CL/UcnUc1zcqKAImBDzukY7Y5F/yQiNdko6+fRLevlw1HgMySw7f611UIY408EtxRSoK3Q==",
      "requires": {
        "js-tokens": "^3.0.0 || ^4.0.0"
      }
    },
    "mathjs": {
      "version": "11.3.2",
      "resolved": "https://registry.npmjs.org/mathjs/-/mathjs-11.3.2.tgz",
      "integrity": "sha512-p3QRDt16OrS7R/7Y29qHldua9YkiyPQLenjsqcPuE+feo3q5iO77G8QXeBxfDHhQUqH+5IGlJIZozl7hpaPUvg==",
      "requires": {
        "@babel/runtime": "^7.19.4",
        "complex.js": "^2.1.1",
        "decimal.js": "^10.4.2",
        "escape-latex": "^1.2.0",
        "fraction.js": "^4.2.0",
        "javascript-natural-sort": "^0.7.1",
        "seedrandom": "^3.0.5",
        "tiny-emitter": "^2.1.0",
        "typed-function": "^4.1.0"
      }
    },
    "nanoid": {
      "version": "3.3.4",
      "resolved": "https://registry.npmjs.org/nanoid/-/nanoid-3.3.4.tgz",
      "integrity": "sha512-MqBkQh/OHTS2egovRtLk45wEyNXwF+cokD+1YPf9u5VfJiRdAiRwB2froX5Co9Rh20xs4siNPm8naNotSD6RBw=="
    },
    "next": {
      "version": "12.3.2",
      "resolved": "https://registry.npmjs.org/next/-/next-12.3.2.tgz",
      "integrity": "sha512-orzvvebCwOqaz1eA5ZA0R5dbKxqtJyw7yeig7kDspu6p8OrplfyelzpvMHcDTKscv/l0nn/0l0v3mSsE8w4k7A==",
      "requires": {
        "@next/env": "12.3.2",
        "@next/swc-android-arm-eabi": "12.3.2",
        "@next/swc-android-arm64": "12.3.2",
        "@next/swc-darwin-arm64": "12.3.2",
        "@next/swc-darwin-x64": "12.3.2",
        "@next/swc-freebsd-x64": "12.3.2",
        "@next/swc-linux-arm-gnueabihf": "12.3.2",
        "@next/swc-linux-arm64-gnu": "12.3.2",
        "@next/swc-linux-arm64-musl": "12.3.2",
        "@next/swc-linux-x64-gnu": "12.3.2",
        "@next/swc-linux-x64-musl": "12.3.2",
        "@next/swc-win32-arm64-msvc": "12.3.2",
        "@next/swc-win32-ia32-msvc": "12.3.2",
        "@next/swc-win32-x64-msvc": "12.3.2",
        "@swc/helpers": "0.4.11",
        "caniuse-lite": "^1.0.30001406",
        "postcss": "8.4.14",
        "styled-jsx": "5.0.7",
        "use-sync-external-store": "1.2.0"
      }
    },
    "picocolors": {
      "version": "1.0.0",
      "resolved": "https://registry.npmjs.org/picocolors/-/picocolors-1.0.0.tgz",
      "integrity": "sha512-1fygroTLlHu66zi26VoTDv8yRgm0Fccecssto+MhsZ0D/DGW2sm8E8AjW7NU5VVTRt5GxbeZ5qBuJr+HyLYkjQ=="
    },
    "postcss": {
      "version": "8.4.14",
      "resolved": "https://registry.npmjs.org/postcss/-/postcss-8.4.14.tgz",
      "integrity": "sha512-E398TUmfAYFPBSdzgeieK2Y1+1cpdxJx8yXbK/m57nRhKSmk1GB2tO4lbLBtlkfPQTDKfe4Xqv1ASWPpayPEig==",
      "requires": {
        "nanoid": "^3.3.4",
        "picocolors": "^1.0.0",
        "source-map-js": "^1.0.2"
      }
    },
    "react": {
      "version": "18.2.0",
      "resolved": "https://registry.npmjs.org/react/-/react-18.2.0.tgz",
      "integrity": "sha512-/3IjMdb2L9QbBdWiW5e3P2/npwMBaU9mHCSCUzNln0ZCYbcfTsGbTJrU/kGemdH2IWmB2ioZ+zkxtmq6g09fGQ==",
      "requires": {
        "loose-envify": "^1.1.0"
      }
    },
    "react-dom": {
      "version": "18.2.0",
      "resolved": "https://registry.npmjs.org/react-dom/-/react-dom-18.2.0.tgz",
      "integrity": "sha512-6IMTriUmvsjHUjNtEDudZfuDQUoWXVxKHhlEGSk81n4YFS+r/Kl99wXiwlVXtPBtJenozv2P+hxDsw9eA7Xo6g==",
      "requires": {
        "loose-envify": "^1.1.0",
        "scheduler": "^0.23.0"
      }
    },
    "react-uuid": {
      "version": "2.0.0",
      "resolved": "https://registry.npmjs.org/react-uuid/-/react-uuid-2.0.0.tgz",
      "integrity": "sha512-FNUH/8WR/FEtx0Bu6gmt1eONfc413hhvrEXFWUSFGvznUhI4dYoVZA09p7JHoTpnM4WC2D/bG2YSxGKXF4oVLg=="
    },
    "regenerator-runtime": {
      "version": "0.13.10",
      "resolved": "https://registry.npmjs.org/regenerator-runtime/-/regenerator-runtime-0.13.10.tgz",
      "integrity": "sha512-KepLsg4dU12hryUO7bp/axHAKvwGOCV0sGloQtpagJ12ai+ojVDqkeGSiRX1zlq+kjIMZ1t7gpze+26QqtdGqw=="
    },
    "scheduler": {
      "version": "0.23.0",
      "resolved": "https://registry.npmjs.org/scheduler/-/scheduler-0.23.0.tgz",
      "integrity": "sha512-CtuThmgHNg7zIZWAXi3AsyIzA3n4xx7aNyjwC2VJldO2LMVDhFK+63xGqq6CsJH4rTAt6/M+N4GhZiDYPx9eUw==",
      "requires": {
        "loose-envify": "^1.1.0"
      }
    },
    "seedrandom": {
      "version": "3.0.5",
      "resolved": "https://registry.npmjs.org/seedrandom/-/seedrandom-3.0.5.tgz",
      "integrity": "sha512-8OwmbklUNzwezjGInmZ+2clQmExQPvomqjL7LFqOYqtmuxRgQYqOD3mHaU+MvZn5FLUeVxVfQjwLZW/n/JFuqg=="
    },
    "source-map-js": {
      "version": "1.0.2",
      "resolved": "https://registry.npmjs.org/source-map-js/-/source-map-js-1.0.2.tgz",
      "integrity": "sha512-R0XvVJ9WusLiqTCEiGCmICCMplcCkIwwR11mOSD9CR5u+IXYdiseeEuXCVAjS54zqwkLcPNnmU4OeJ6tUrWhDw=="
    },
    "styled-jsx": {
      "version": "5.0.7",
      "resolved": "https://registry.npmjs.org/styled-jsx/-/styled-jsx-5.0.7.tgz",
      "integrity": "sha512-b3sUzamS086YLRuvnaDigdAewz1/EFYlHpYBP5mZovKEdQQOIIYq8lApylub3HHZ6xFjV051kkGU7cudJmrXEA==",
      "requires": {}
    },
    "tiny-emitter": {
      "version": "2.1.0",
      "resolved": "https://registry.npmjs.org/tiny-emitter/-/tiny-emitter-2.1.0.tgz",
      "integrity": "sha512-NB6Dk1A9xgQPMoGqC5CVXn123gWyte215ONT5Pp5a0yt4nlEoO1ZWeCwpncaekPHXO60i47ihFnZPiRPjRMq4Q=="
    },
    "tslib": {
      "version": "2.4.1",
      "resolved": "https://registry.npmjs.org/tslib/-/tslib-2.4.1.tgz",
      "integrity": "sha512-tGyy4dAjRIEwI7BzsB0lynWgOpfqjUdq91XXAlIWD2OwKBH7oCl/GZG/HT4BOHrTlPMOASlMQ7veyTqpmRcrNA=="
    },
    "typed-function": {
      "version": "4.1.0",
      "resolved": "https://registry.npmjs.org/typed-function/-/typed-function-4.1.0.tgz",
      "integrity": "sha512-DGwUl6cioBW5gw2L+6SMupGwH/kZOqivy17E4nsh1JI9fKF87orMmlQx3KISQPmg3sfnOUGlwVkroosvgddrlg=="
    },
    "typescript": {
      "version": "4.8.4",
      "resolved": "https://registry.npmjs.org/typescript/-/typescript-4.8.4.tgz",
      "integrity": "sha512-QCh+85mCy+h0IGff8r5XWzOVSbBO+KfeYrMQh7NJ58QujwcE22u+NUSmUxqF+un70P9GXKxa2HCNiTTMJknyjQ==",
      "dev": true
    },
    "use-sync-external-store": {
      "version": "1.2.0",
      "resolved": "https://registry.npmjs.org/use-sync-external-store/-/use-sync-external-store-1.2.0.tgz",
      "integrity": "sha512-eEgnFxGQ1Ife9bzYs6VLi8/4X6CObHMw9Qr9tPY43iKwsPw8xE8+EFsf/2cFZ5S3esXgpWgtSCtLNS41F+sKPA==",
      "requires": {}
    }
  }
}
